// !$*UTF8*$!
{
	archiveVersion = 1;
	classes = {
	};
	objectVersion = 46;
	objects = {

/* Begin PBXBuildFile section */
		922315A91C29B20500E86776 /* AppDelegate.swift in Sources */ = {isa = PBXBuildFile; fileRef = 922315A81C29B20500E86776 /* AppDelegate.swift */; };
		922315AB1C29B20500E86776 /* ViewController.swift in Sources */ = {isa = PBXBuildFile; fileRef = 922315AA1C29B20500E86776 /* ViewController.swift */; };
		922315AD1C29B20600E86776 /* Assets.xcassets in Resources */ = {isa = PBXBuildFile; fileRef = 922315AC1C29B20600E86776 /* Assets.xcassets */; };
		922315B01C29B20600E86776 /* Main.storyboard in Resources */ = {isa = PBXBuildFile; fileRef = 922315AE1C29B20600E86776 /* Main.storyboard */; };
/* End PBXBuildFile section */

/* Begin PBXFileReference section */
		922315A51C29B20500E86776 /* Slackbot Remote.app */ = {isa = PBXFileReference; explicitFileType = wrapper.application; includeInIndex = 0; path = "Slackbot Remote.app"; sourceTree = BUILT_PRODUCTS_DIR; };
		922315A81C29B20500E86776 /* AppDelegate.swift */ = {isa = PBXFileReference; lastKnownFileType = sourcecode.swift; path = AppDelegate.swift; sourceTree = "<group>"; };
		922315AA1C29B20500E86776 /* ViewController.swift */ = {isa = PBXFileReference; lastKnownFileType = sourcecode.swift; path = ViewController.swift; sourceTree = "<group>"; };
		922315AC1C29B20600E86776 /* Assets.xcassets */ = {isa = PBXFileReference; lastKnownFileType = folder.assetcatalog; path = Assets.xcassets; sourceTree = "<group>"; };
		922315AF1C29B20600E86776 /* Base */ = {isa = PBXFileReference; lastKnownFileType = file.storyboard; name = Base; path = Base.lproj/Main.storyboard; sourceTree = "<group>"; };
		922315B11C29B20600E86776 /* Info.plist */ = {isa = PBXFileReference; lastKnownFileType = text.plist.xml; path = Info.plist; sourceTree = "<group>"; };
/* End PBXFileReference section */

/* Begin PBXFrameworksBuildPhase section */
		922315A21C29B20500E86776 /* Frameworks */ = {
			isa = PBXFrameworksBuildPhase;
			buildActionMask = 2147483647;
			files = (
			);
			runOnlyForDeploymentPostprocessing = 0;
		};
/* End PBXFrameworksBuildPhase section */

/* Begin PBXGroup section */
		9223159C1C29B20500E86776 = {
			isa = PBXGroup;
			children = (
				922315A71C29B20500E86776 /* Slackbot Remote */,
				922315A61C29B20500E86776 /* Products */,
			);
			sourceTree = "<group>";
		};
		922315A61C29B20500E86776 /* Products */ = {
			isa = PBXGroup;
			children = (
				922315A51C29B20500E86776 /* Slackbot Remote.app */,
			);
			name = Products;
			sourceTree = "<group>";
		};
		922315A71C29B20500E86776 /* Slackbot Remote */ = {
			isa = PBXGroup;
			children = (
				922315A81C29B20500E86776 /* AppDelegate.swift */,
				922315AA1C29B20500E86776 /* ViewController.swift */,
				922315AC1C29B20600E86776 /* Assets.xcassets */,
				922315AE1C29B20600E86776 /* Main.storyboard */,
				922315B11C29B20600E86776 /* Info.plist */,
			);
			path = "Slackbot Remote";
			sourceTree = "<group>";
		};
/* End PBXGroup section */

/* Begin PBXNativeTarget section */
		922315A41C29B20500E86776 /* Slackbot Remote */ = {
			isa = PBXNativeTarget;
			buildConfigurationList = 922315B41C29B20600E86776 /* Build configuration list for PBXNativeTarget "Slackbot Remote" */;
			buildPhases = (
				922315A11C29B20500E86776 /* Sources */,
				922315A21C29B20500E86776 /* Frameworks */,
				922315A31C29B20500E86776 /* Resources */,
			);
			buildRules = (
			);
			dependencies = (
			);
			name = "Slackbot Remote";
			productName = "Slackbot Remote";
			productReference = 922315A51C29B20500E86776 /* Slackbot Remote.app */;
			productType = "com.apple.product-type.application";
		};
/* End PBXNativeTarget section */

/* Begin PBXProject section */
		9223159D1C29B20500E86776 /* Project object */ = {
			isa = PBXProject;
			attributes = {
				LastSwiftUpdateCheck = 0720;
				LastUpgradeCheck = 0720;
				ORGANIZATIONNAME = "Rogier Bom";
				TargetAttributes = {
					922315A41C29B20500E86776 = {
						CreatedOnToolsVersion = 7.2;
					};
				};
			};
			buildConfigurationList = 922315A01C29B20500E86776 /* Build configuration list for PBXProject "Slackbot Remote" */;
			compatibilityVersion = "Xcode 3.2";
			developmentRegion = English;
			hasScannedForEncodings = 0;
			knownRegions = (
				en,
				Base,
			);
			mainGroup = 9223159C1C29B20500E86776;
			productRefGroup = 922315A61C29B20500E86776 /* Products */;
			projectDirPath = "";
			projectRoot = "";
			targets = (
				922315A41C29B20500E86776 /* Slackbot Remote */,
			);
		};
/* End PBXProject section */

/* Begin PBXResourcesBuildPhase section */
		922315A31C29B20500E86776 /* Resources */ = {
			isa = PBXResourcesBuildPhase;
			buildActionMask = 2147483647;
			files = (
				922315AD1C29B20600E86776 /* Assets.xcassets in Resources */,
				922315B01C29B20600E86776 /* Main.storyboard in Resources */,
			);
			runOnlyForDeploymentPostprocessing = 0;
		};
/* End PBXResourcesBuildPhase section */

/* Begin PBXSourcesBuildPhase section */
		922315A11C29B20500E86776 /* Sources */ = {
			isa = PBXSourcesBuildPhase;
			buildActionMask = 2147483647;
			files = (
				922315AB1C29B20500E86776 /* ViewController.swift in Sources */,
				922315A91C29B20500E86776 /* AppDelegate.swift in Sources */,
			);
			runOnlyForDeploymentPostprocessing = 0;
		};
/* End PBXSourcesBuildPhase section */

/* Begin PBXVariantGroup section */
		922315AE1C29B20600E86776 /* Main.storyboard */ = {
			isa = PBXVariantGroup;
			children = (
				922315AF1C29B20600E86776 /* Base */,
			);
			name = Main.storyboard;
			sourceTree = "<group>";
		};
/* End PBXVariantGroup section */

/* Begin XCBuildConfiguration section */
		922315B21C29B20600E86776 /* Debug */ = {
			isa = XCBuildConfiguration;
			buildSettings = {
				ALWAYS_SEARCH_USER_PATHS = NO;
				CLANG_CXX_LANGUAGE_STANDARD = "gnu++0x";
				CLANG_CXX_LIBRARY = "libc++";
				CLANG_ENABLE_MODULES = YES;
				CLANG_ENABLE_OBJC_ARC = YES;
				CLANG_WARN_BOOL_CONVERSION = YES;
				CLANG_WARN_CONSTANT_CONVERSION = YES;
				CLANG_WARN_DIRECT_OBJC_ISA_USAGE = YES_ERROR;
				CLANG_WARN_EMPTY_BODY = YES;
				CLANG_WARN_ENUM_CONVERSION = YES;
				CLANG_WARN_INT_CONVERSION = YES;
				CLANG_WARN_OBJC_ROOT_CLASS = YES_ERROR;
				CLANG_WARN_UNREACHABLE_CODE = YES;
				CLANG_WARN__DUPLICATE_METHOD_MATCH = YES;
				CODE_SIGN_IDENTITY = "-";
				COPY_PHASE_STRIP = NO;
				DEBUG_INFORMATION_FORMAT = dwarf;
				ENABLE_STRICT_OBJC_MSGSEND = YES;
				ENABLE_TESTABILITY = YES;
				GCC_C_LANGUAGE_STANDARD = gnu99;
				GCC_DYNAMIC_NO_PIC = NO;
				GCC_NO_COMMON_BLOCKS = YES;
				GCC_OPTIMIZATION_LEVEL = 0;
				GCC_PREPROCESSOR_DEFINITIONS = (
					"DEBUG=1",
					"$(inherited)",
				);
				GCC_WARN_64_TO_32_BIT_CONVERSION = YES;
				GCC_WARN_ABOUT_RETURN_TYPE = YES_ERROR;
				GCC_WARN_UNDECLARED_SELECTOR = YES;
				GCC_WARN_UNINITIALIZED_AUTOS = YES_AGGRESSIVE;
				GCC_WARN_UNUSED_FUNCTION = YES;
				GCC_WARN_UNUSED_VARIABLE = YES;
				MACOSX_DEPLOYMENT_TARGET = 10.11;
				MTL_ENABLE_DEBUG_INFO = YES;
				ONLY_ACTIVE_ARCH = YES;
				SDKROOT = macosx;
				SWIFT_OPTIMIZATION_LEVEL = "-Onone";
			};
			name = Debug;
		};
		922315B31C29B20600E86776 /* Release */ = {
			isa = XCBuildConfiguration;
			buildSettings = {
				ALWAYS_SEARCH_USER_PATHS = NO;
				CLANG_CXX_LANGUAGE_STANDARD = "gnu++0x";
				CLANG_CXX_LIBRARY = "libc++";
				CLANG_ENABLE_MODULES = YES;
				CLANG_ENABLE_OBJC_ARC = YES;
				CLANG_WARN_BOOL_CONVERSION = YES;
				CLANG_WARN_CONSTANT_CONVERSION = YES;
				CLANG_WARN_DIRECT_OBJC_ISA_USAGE = YES_ERROR;
				CLANG_WARN_EMPTY_BODY = YES;
				CLANG_WARN_ENUM_CONVERSION = YES;
				CLANG_WARN_INT_CONVERSION = YES;
				CLANG_WARN_OBJC_ROOT_CLASS = YES_ERROR;
				CLANG_WARN_UNREACHABLE_CODE = YES;
				CLANG_WARN__DUPLICATE_METHOD_MATCH = YES;
				CODE_SIGN_IDENTITY = "-";
				COPY_PHASE_STRIP = NO;
				DEBUG_INFORMATION_FORMAT = "dwarf-with-dsym";
				ENABLE_NS_ASSERTIONS = NO;
				ENABLE_STRICT_OBJC_MSGSEND = YES;
				GCC_C_LANGUAGE_STANDARD = gnu99;
				GCC_NO_COMMON_BLOCKS = YES;
				GCC_WARN_64_TO_32_BIT_CONVERSION = YES;
				GCC_WARN_ABOUT_RETURN_TYPE = YES_ERROR;
				GCC_WARN_UNDECLARED_SELECTOR = YES;
				GCC_WARN_UNINITIALIZED_AUTOS = YES_AGGRESSIVE;
				GCC_WARN_UNUSED_FUNCTION = YES;
				GCC_WARN_UNUSED_VARIABLE = YES;
				MACOSX_DEPLOYMENT_TARGET = 10.11;
				MTL_ENABLE_DEBUG_INFO = NO;
				SDKROOT = macosx;
			};
			name = Release;
		};
		922315B51C29B20600E86776 /* Debug */ = {
			isa = XCBuildConfiguration;
			buildSettings = {
				ASSETCATALOG_COMPILER_APPICON_NAME = AppIcon;
				COMBINE_HIDPI_IMAGES = YES;
				INFOPLIST_FILE = "Slackbot Remote/Info.plist";
				LD_RUNPATH_SEARCH_PATHS = "$(inherited) @executable_path/../Frameworks";
				PRODUCT_BUNDLE_IDENTIFIER = "rogierbom.Slackbot-Remote";
				PRODUCT_NAME = "$(TARGET_NAME)";
			};
			name = Debug;
		};
		922315B61C29B20600E86776 /* Release */ = {
			isa = XCBuildConfiguration;
			buildSettings = {
				ASSETCATALOG_COMPILER_APPICON_NAME = AppIcon;
				COMBINE_HIDPI_IMAGES = YES;
				INFOPLIST_FILE = "Slackbot Remote/Info.plist";
				LD_RUNPATH_SEARCH_PATHS = "$(inherited) @executable_path/../Frameworks";
				PRODUCT_BUNDLE_IDENTIFIER = "rogierbom.Slackbot-Remote";
				PRODUCT_NAME = "$(TARGET_NAME)";
			};
			name = Release;
		};
/* End XCBuildConfiguration section */

/* Begin XCConfigurationList section */
		922315A01C29B20500E86776 /* Build configuration list for PBXProject "Slackbot Remote" */ = {
			isa = XCConfigurationList;
			buildConfigurations = (
				922315B21C29B20600E86776 /* Debug */,
				922315B31C29B20600E86776 /* Release */,
			);
			defaultConfigurationIsVisible = 0;
			defaultConfigurationName = Release;
		};
		922315B41C29B20600E86776 /* Build configuration list for PBXNativeTarget "Slackbot Remote" */ = {
			isa = XCConfigurationList;
			buildConfigurations = (
				922315B51C29B20600E86776 /* Debug */,
				922315B61C29B20600E86776 /* Release */,
			);
			defaultConfigurationIsVisible = 0;
		};
/* End XCConfigurationList section */
	};
	rootObject = 9223159D1C29B20500E86776 /* Project object */;
}
